
Microsoft Visual Studio Solution File, Format Version 12.00
# Visual Studio Version 17
VisualStudioVersion = 17.0.32014.148
MinimumVisualStudioVersion = 10.0.40219.1
Project("{FAE04EC0-301F-11D3-BF4B-00C04F79EFBC}") = "EasyNChatWebServer", "EasyNChatWebServer\EasyNChatWebServer.csproj", "{2693FE74-16B1-4E2A-9A77-1019347F6E59}"
EndProject
Project("{FAE04EC0-301F-11D3-BF4B-00C04F79EFBC}") = "EasyNChat", "EasyNChat\EasyNChat.csproj", "{3A17985F-8985-4279-A9CF-B38E660F725A}"
EndProject
Project("{FAE04EC0-301F-11D3-BF4B-00C04F79EFBC}") = "EasyNChatTest", "EasyNChatTest\EasyNChatTest.csproj", "{99E3AAF7-46FE-49D8-9DA2-0FB581672383}"
EndProject
Global
	GlobalSection(SolutionConfigurationPlatforms) = preSolution
		Debug|Any CPU = Debug|Any CPU
		Release|Any CPU = Release|Any CPU
	EndGlobalSection
	GlobalSection(ProjectConfigurationPlatforms) = postSolution
		{2693FE74-16B1-4E2A-9A77-1019347F6E59}.Debug|Any CPU.ActiveCfg = Debug|Any CPU
		{2693FE74-16B1-4E2A-9A77-1019347F6E59}.Debug|Any CPU.Build.0 = Debug|Any CPU
		{2693FE74-16B1-4E2A-9A77-1019347F6E59}.Release|Any CPU.ActiveCfg = Release|Any CPU
		{2693FE74-16B1-4E2A-9A77-1019347F6E59}.Release|Any CPU.Build.0 = Release|Any CPU
		{3A17985F-8985-4279-A9CF-B38E660F725A}.Debug|Any CPU.ActiveCfg = Debug|Any CPU
		{3A17985F-8985-4279-A9CF-B38E660F725A}.Debug|Any CPU.Build.0 = Debug|Any CPU
		{3A17985F-8985-4279-A9CF-B38E660F725A}.Release|Any CPU.ActiveCfg = Release|Any CPU
		{3A17985F-8985-4279-A9CF-B38E660F725A}.Release|Any CPU.Build.0 = Release|Any CPU
		{99E3AAF7-46FE-49D8-9DA2-0FB581672383}.Debug|Any CPU.ActiveCfg = Debug|Any CPU
		{99E3AAF7-46FE-49D8-9DA2-0FB581672383}.Debug|Any CPU.Build.0 = Debug|Any CPU
		{99E3AAF7-46FE-49D8-9DA2-0FB581672383}.Release|Any CPU.ActiveCfg = Release|Any CPU
		{99E3AAF7-46FE-49D8-9DA2-0FB581672383}.Release|Any CPU.Build.0 = Release|Any CPU
	EndGlobalSection
	GlobalSection(SolutionProperties) = preSolution
		HideSolutionNode = FALSE
	EndGlobalSection
	GlobalSection(ExtensibilityGlobals) = postSolution
		SolutionGuid = {FC58AD5E-3649-4A14-ACF4-33A95C54F4C5}
	EndGlobalSection
EndGlobal
